
Microsoft Visual Studio Solution File, Format Version 12.00
# Visual Studio Version 17
VisualStudioVersion = 17.9.34723.18
MinimumVisualStudioVersion = 10.0.40219.1
Project("{FAE04EC0-301F-11D3-BF4B-00C04F79EFBC}") = "Server", "Server\Server.csproj", "{CDA19BA2-6BDF-45C2-BC8E-586375C96DE6}"
EndProject
Project("{FAE04EC0-301F-11D3-BF4B-00C04F79EFBC}") = "Client", "Client\Client.csproj", "{62C9A1AB-6093-4815-81D6-4B6A2ED5B2B7}"
EndProject
Project("{FAE04EC0-301F-11D3-BF4B-00C04F79EFBC}") = "BaseLibrary", "BaseLibrary\BaseLibrary.csproj", "{569575C7-12EB-4515-B122-C648B604511E}"
EndProject
Project("{FAE04EC0-301F-11D3-BF4B-00C04F79EFBC}") = "ClientLibrary", "ClientLibrary\ClientLibrary.csproj", "{8EEF4093-74B8-4134-A289-8EB396410DCD}"
EndProject
Project("{FAE04EC0-301F-11D3-BF4B-00C04F79EFBC}") = "ServerLibrary", "ServerLibrary\ServerLibrary.csproj", "{5A5087D3-9BD7-4C78-A831-04A0B2DAA789}"
EndProject
Global
	GlobalSection(SolutionConfigurationPlatforms) = preSolution
		Debug|Any CPU = Debug|Any CPU
		Release|Any CPU = Release|Any CPU
	EndGlobalSection
	GlobalSection(ProjectConfigurationPlatforms) = postSolution
		{CDA19BA2-6BDF-45C2-BC8E-586375C96DE6}.Debug|Any CPU.ActiveCfg = Debug|Any CPU
		{CDA19BA2-6BDF-45C2-BC8E-586375C96DE6}.Debug|Any CPU.Build.0 = Debug|Any CPU
		{CDA19BA2-6BDF-45C2-BC8E-586375C96DE6}.Release|Any CPU.ActiveCfg = Release|Any CPU
		{CDA19BA2-6BDF-45C2-BC8E-586375C96DE6}.Release|Any CPU.Build.0 = Release|Any CPU
		{62C9A1AB-6093-4815-81D6-4B6A2ED5B2B7}.Debug|Any CPU.ActiveCfg = Debug|Any CPU
		{62C9A1AB-6093-4815-81D6-4B6A2ED5B2B7}.Debug|Any CPU.Build.0 = Debug|Any CPU
		{62C9A1AB-6093-4815-81D6-4B6A2ED5B2B7}.Release|Any CPU.ActiveCfg = Release|Any CPU
		{62C9A1AB-6093-4815-81D6-4B6A2ED5B2B7}.Release|Any CPU.Build.0 = Release|Any CPU
		{569575C7-12EB-4515-B122-C648B604511E}.Debug|Any CPU.ActiveCfg = Debug|Any CPU
		{569575C7-12EB-4515-B122-C648B604511E}.Debug|Any CPU.Build.0 = Debug|Any CPU
		{569575C7-12EB-4515-B122-C648B604511E}.Release|Any CPU.ActiveCfg = Release|Any CPU
		{569575C7-12EB-4515-B122-C648B604511E}.Release|Any CPU.Build.0 = Release|Any CPU
		{8EEF4093-74B8-4134-A289-8EB396410DCD}.Debug|Any CPU.ActiveCfg = Debug|Any CPU
		{8EEF4093-74B8-4134-A289-8EB396410DCD}.Debug|Any CPU.Build.0 = Debug|Any CPU
		{8EEF4093-74B8-4134-A289-8EB396410DCD}.Release|Any CPU.ActiveCfg = Release|Any CPU
		{8EEF4093-74B8-4134-A289-8EB396410DCD}.Release|Any CPU.Build.0 = Release|Any CPU
		{5A5087D3-9BD7-4C78-A831-04A0B2DAA789}.Debug|Any CPU.ActiveCfg = Debug|Any CPU
		{5A5087D3-9BD7-4C78-A831-04A0B2DAA789}.Debug|Any CPU.Build.0 = Debug|Any CPU
		{5A5087D3-9BD7-4C78-A831-04A0B2DAA789}.Release|Any CPU.ActiveCfg = Release|Any CPU
		{5A5087D3-9BD7-4C78-A831-04A0B2DAA789}.Release|Any CPU.Build.0 = Release|Any CPU
	EndGlobalSection
	GlobalSection(SolutionProperties) = preSolution
		HideSolutionNode = FALSE
	EndGlobalSection
	GlobalSection(ExtensibilityGlobals) = postSolution
		SolutionGuid = {D0FDC6FC-AE65-46B0-A04F-52AA8C2ACB51}
	EndGlobalSection
EndGlobal
